// !$*UTF8*$!
{
	archiveVersion = 1;
	classes = {
	};
	objectVersion = 50;
	objects = {

/* Begin PBXBuildFile section */
		178D686624C33A57005ADF82 /* AppDelegate.swift in Sources */ = {isa = PBXBuildFile; fileRef = 178D686524C33A57005ADF82 /* AppDelegate.swift */; };
		178D686824C33A57005ADF82 /* SceneDelegate.swift in Sources */ = {isa = PBXBuildFile; fileRef = 178D686724C33A57005ADF82 /* SceneDelegate.swift */; };
		178D686A24C33A57005ADF82 /* CategoryViewController.swift in Sources */ = {isa = PBXBuildFile; fileRef = 178D686924C33A57005ADF82 /* CategoryViewController.swift */; };
		178D686D24C33A57005ADF82 /* Main.storyboard in Resources */ = {isa = PBXBuildFile; fileRef = 178D686B24C33A57005ADF82 /* Main.storyboard */; };
		178D686F24C33A5B005ADF82 /* Assets.xcassets in Resources */ = {isa = PBXBuildFile; fileRef = 178D686E24C33A5B005ADF82 /* Assets.xcassets */; };
		178D687224C33A5B005ADF82 /* LaunchScreen.storyboard in Resources */ = {isa = PBXBuildFile; fileRef = 178D687024C33A5B005ADF82 /* LaunchScreen.storyboard */; };
		178D687D24C33A5B005ADF82 /* MoviesAppTests.swift in Sources */ = {isa = PBXBuildFile; fileRef = 178D687C24C33A5B005ADF82 /* MoviesAppTests.swift */; };
		178D688824C33A5B005ADF82 /* MoviesAppUITests.swift in Sources */ = {isa = PBXBuildFile; fileRef = 178D688724C33A5B005ADF82 /* MoviesAppUITests.swift */; };
		178D689624C3452D005ADF82 /* MovieViewController.swift in Sources */ = {isa = PBXBuildFile; fileRef = 178D689524C3452D005ADF82 /* MovieViewController.swift */; };
		178D689824C3456E005ADF82 /* CategoryTableViewCell.swift in Sources */ = {isa = PBXBuildFile; fileRef = 178D689724C3456E005ADF82 /* CategoryTableViewCell.swift */; };
		178D689A24C3458E005ADF82 /* MovieCollectionViewCell.swift in Sources */ = {isa = PBXBuildFile; fileRef = 178D689924C3458E005ADF82 /* MovieCollectionViewCell.swift */; };
		178D689D24C3491C005ADF82 /* Movies.swift in Sources */ = {isa = PBXBuildFile; fileRef = 178D689C24C3491C005ADF82 /* Movies.swift */; };
		178D689F24C34935005ADF82 /* Categories.swift in Sources */ = {isa = PBXBuildFile; fileRef = 178D689E24C34935005ADF82 /* Categories.swift */; };
		178D68A124C34947005ADF82 /* Directors.swift in Sources */ = {isa = PBXBuildFile; fileRef = 178D68A024C34947005ADF82 /* Directors.swift */; };
		178D68A324C3583C005ADF82 /* CategoryResult.swift in Sources */ = {isa = PBXBuildFile; fileRef = 178D68A224C3583C005ADF82 /* CategoryResult.swift */; };
		178D68A524C3590E005ADF82 /* MovieResult.swift in Sources */ = {isa = PBXBuildFile; fileRef = 178D68A424C3590E005ADF82 /* MovieResult.swift */; };
/* End PBXBuildFile section */

/* Begin PBXContainerItemProxy section */
		178D687924C33A5B005ADF82 /* PBXContainerItemProxy */ = {
			isa = PBXContainerItemProxy;
			containerPortal = 178D685A24C33A57005ADF82 /* Project object */;
			proxyType = 1;
			remoteGlobalIDString = 178D686124C33A57005ADF82;
			remoteInfo = MoviesApp;
		};
		178D688424C33A5B005ADF82 /* PBXContainerItemProxy */ = {
			isa = PBXContainerItemProxy;
			containerPortal = 178D685A24C33A57005ADF82 /* Project object */;
			proxyType = 1;
			remoteGlobalIDString = 178D686124C33A57005ADF82;
			remoteInfo = MoviesApp;
		};
/* End PBXContainerItemProxy section */

/* Begin PBXFileReference section */
		178D686224C33A57005ADF82 /* MoviesApp.app */ = {isa = PBXFileReference; explicitFileType = wrapper.application; includeInIndex = 0; path = MoviesApp.app; sourceTree = BUILT_PRODUCTS_DIR; };
		178D686524C33A57005ADF82 /* AppDelegate.swift */ = {isa = PBXFileReference; lastKnownFileType = sourcecode.swift; path = AppDelegate.swift; sourceTree = "<group>"; };
		178D686724C33A57005ADF82 /* SceneDelegate.swift */ = {isa = PBXFileReference; lastKnownFileType = sourcecode.swift; path = SceneDelegate.swift; sourceTree = "<group>"; };
		178D686924C33A57005ADF82 /* CategoryViewController.swift */ = {isa = PBXFileReference; lastKnownFileType = sourcecode.swift; path = CategoryViewController.swift; sourceTree = "<group>"; };
		178D686C24C33A57005ADF82 /* Base */ = {isa = PBXFileReference; lastKnownFileType = file.storyboard; name = Base; path = Base.lproj/Main.storyboard; sourceTree = "<group>"; };
		178D686E24C33A5B005ADF82 /* Assets.xcassets */ = {isa = PBXFileReference; lastKnownFileType = folder.assetcatalog; path = Assets.xcassets; sourceTree = "<group>"; };
		178D687124C33A5B005ADF82 /* Base */ = {isa = PBXFileReference; lastKnownFileType = file.storyboard; name = Base; path = Base.lproj/LaunchScreen.storyboard; sourceTree = "<group>"; };
		178D687324C33A5B005ADF82 /* Info.plist */ = {isa = PBXFileReference; lastKnownFileType = text.plist.xml; path = Info.plist; sourceTree = "<group>"; };
		178D687824C33A5B005ADF82 /* MoviesAppTests.xctest */ = {isa = PBXFileReference; explicitFileType = wrapper.cfbundle; includeInIndex = 0; path = MoviesAppTests.xctest; sourceTree = BUILT_PRODUCTS_DIR; };
		178D687C24C33A5B005ADF82 /* MoviesAppTests.swift */ = {isa = PBXFileReference; lastKnownFileType = sourcecode.swift; path = MoviesAppTests.swift; sourceTree = "<group>"; };
		178D687E24C33A5B005ADF82 /* Info.plist */ = {isa = PBXFileReference; lastKnownFileType = text.plist.xml; path = Info.plist; sourceTree = "<group>"; };
		178D688324C33A5B005ADF82 /* MoviesAppUITests.xctest */ = {isa = PBXFileReference; explicitFileType = wrapper.cfbundle; includeInIndex = 0; path = MoviesAppUITests.xctest; sourceTree = BUILT_PRODUCTS_DIR; };
		178D688724C33A5B005ADF82 /* MoviesAppUITests.swift */ = {isa = PBXFileReference; lastKnownFileType = sourcecode.swift; path = MoviesAppUITests.swift; sourceTree = "<group>"; };
		178D688924C33A5B005ADF82 /* Info.plist */ = {isa = PBXFileReference; lastKnownFileType = text.plist.xml; path = Info.plist; sourceTree = "<group>"; };
		178D689524C3452D005ADF82 /* MovieViewController.swift */ = {isa = PBXFileReference; lastKnownFileType = sourcecode.swift; path = MovieViewController.swift; sourceTree = "<group>"; };
		178D689724C3456E005ADF82 /* CategoryTableViewCell.swift */ = {isa = PBXFileReference; lastKnownFileType = sourcecode.swift; path = CategoryTableViewCell.swift; sourceTree = "<group>"; };
		178D689924C3458E005ADF82 /* MovieCollectionViewCell.swift */ = {isa = PBXFileReference; lastKnownFileType = sourcecode.swift; path = MovieCollectionViewCell.swift; sourceTree = "<group>"; };
		178D689C24C3491C005ADF82 /* Movies.swift */ = {isa = PBXFileReference; lastKnownFileType = sourcecode.swift; path = Movies.swift; sourceTree = "<group>"; };
		178D689E24C34935005ADF82 /* Categories.swift */ = {isa = PBXFileReference; lastKnownFileType = sourcecode.swift; path = Categories.swift; sourceTree = "<group>"; };
		178D68A024C34947005ADF82 /* Directors.swift */ = {isa = PBXFileReference; lastKnownFileType = sourcecode.swift; path = Directors.swift; sourceTree = "<group>"; };
		178D68A224C3583C005ADF82 /* CategoryResult.swift */ = {isa = PBXFileReference; lastKnownFileType = sourcecode.swift; path = CategoryResult.swift; sourceTree = "<group>"; };
		178D68A424C3590E005ADF82 /* MovieResult.swift */ = {isa = PBXFileReference; lastKnownFileType = sourcecode.swift; path = MovieResult.swift; sourceTree = "<group>"; };
/* End PBXFileReference section */

/* Begin PBXFrameworksBuildPhase section */
		178D685F24C33A57005ADF82 /* Frameworks */ = {
			isa = PBXFrameworksBuildPhase;
			buildActionMask = 2147483647;
			files = (
			);
			runOnlyForDeploymentPostprocessing = 0;
		};
		178D687524C33A5B005ADF82 /* Frameworks */ = {
			isa = PBXFrameworksBuildPhase;
			buildActionMask = 2147483647;
			files = (
			);
			runOnlyForDeploymentPostprocessing = 0;
		};
		178D688024C33A5B005ADF82 /* Frameworks */ = {
			isa = PBXFrameworksBuildPhase;
			buildActionMask = 2147483647;
			files = (
			);
			runOnlyForDeploymentPostprocessing = 0;
		};
/* End PBXFrameworksBuildPhase section */

/* Begin PBXGroup section */
		178D685924C33A57005ADF82 = {
			isa = PBXGroup;
			children = (
				178D686424C33A57005ADF82 /* MoviesApp */,
				178D687B24C33A5B005ADF82 /* MoviesAppTests */,
				178D688624C33A5B005ADF82 /* MoviesAppUITests */,
				178D686324C33A57005ADF82 /* Products */,
			);
			sourceTree = "<group>";
		};
		178D686324C33A57005ADF82 /* Products */ = {
			isa = PBXGroup;
			children = (
				178D686224C33A57005ADF82 /* MoviesApp.app */,
				178D687824C33A5B005ADF82 /* MoviesAppTests.xctest */,
				178D688324C33A5B005ADF82 /* MoviesAppUITests.xctest */,
			);
			name = Products;
			sourceTree = "<group>";
		};
		178D686424C33A57005ADF82 /* MoviesApp */ = {
			isa = PBXGroup;
			children = (
				178D68A624C37058005ADF82 /* Controller */,
				178D689B24C348E1005ADF82 /* BusinessLogic */,
				178D686524C33A57005ADF82 /* AppDelegate.swift */,
				178D686724C33A57005ADF82 /* SceneDelegate.swift */,
				178D689724C3456E005ADF82 /* CategoryTableViewCell.swift */,
				178D689924C3458E005ADF82 /* MovieCollectionViewCell.swift */,
				178D686B24C33A57005ADF82 /* Main.storyboard */,
				178D686E24C33A5B005ADF82 /* Assets.xcassets */,
				178D687024C33A5B005ADF82 /* LaunchScreen.storyboard */,
				178D687324C33A5B005ADF82 /* Info.plist */,
			);
			path = MoviesApp;
			sourceTree = "<group>";
		};
		178D687B24C33A5B005ADF82 /* MoviesAppTests */ = {
			isa = PBXGroup;
			children = (
				178D687C24C33A5B005ADF82 /* MoviesAppTests.swift */,
				178D687E24C33A5B005ADF82 /* Info.plist */,
			);
			path = MoviesAppTests;
			sourceTree = "<group>";
		};
		178D688624C33A5B005ADF82 /* MoviesAppUITests */ = {
			isa = PBXGroup;
			children = (
				178D688724C33A5B005ADF82 /* MoviesAppUITests.swift */,
				178D688924C33A5B005ADF82 /* Info.plist */,
			);
			path = MoviesAppUITests;
			sourceTree = "<group>";
		};
		178D689B24C348E1005ADF82 /* BusinessLogic */ = {
			isa = PBXGroup;
			children = (
				178D689C24C3491C005ADF82 /* Movies.swift */,
				178D689E24C34935005ADF82 /* Categories.swift */,
				178D68A024C34947005ADF82 /* Directors.swift */,
				178D68A224C3583C005ADF82 /* CategoryResult.swift */,
				178D68A424C3590E005ADF82 /* MovieResult.swift */,
			);
			path = BusinessLogic;
			sourceTree = "<group>";
		};
		178D68A624C37058005ADF82 /* Controller */ = {
			isa = PBXGroup;
			children = (
				178D686924C33A57005ADF82 /* CategoryViewController.swift */,
				178D689524C3452D005ADF82 /* MovieViewController.swift */,
			);
			path = Controller;
			sourceTree = "<group>";
		};
/* End PBXGroup section */

/* Begin PBXNativeTarget section */
		178D686124C33A57005ADF82 /* MoviesApp */ = {
			isa = PBXNativeTarget;
			buildConfigurationList = 178D688C24C33A5B005ADF82 /* Build configuration list for PBXNativeTarget "MoviesApp" */;
			buildPhases = (
				178D685E24C33A57005ADF82 /* Sources */,
				178D685F24C33A57005ADF82 /* Frameworks */,
				178D686024C33A57005ADF82 /* Resources */,
			);
			buildRules = (
			);
			dependencies = (
			);
			name = MoviesApp;
			productName = MoviesApp;
			productReference = 178D686224C33A57005ADF82 /* MoviesApp.app */;
			productType = "com.apple.product-type.application";
		};
		178D687724C33A5B005ADF82 /* MoviesAppTests */ = {
			isa = PBXNativeTarget;
			buildConfigurationList = 178D688F24C33A5B005ADF82 /* Build configuration list for PBXNativeTarget "MoviesAppTests" */;
			buildPhases = (
				178D687424C33A5B005ADF82 /* Sources */,
				178D687524C33A5B005ADF82 /* Frameworks */,
				178D687624C33A5B005ADF82 /* Resources */,
			);
			buildRules = (
			);
			dependencies = (
				178D687A24C33A5B005ADF82 /* PBXTargetDependency */,
			);
			name = MoviesAppTests;
			productName = MoviesAppTests;
			productReference = 178D687824C33A5B005ADF82 /* MoviesAppTests.xctest */;
			productType = "com.apple.product-type.bundle.unit-test";
		};
		178D688224C33A5B005ADF82 /* MoviesAppUITests */ = {
			isa = PBXNativeTarget;
			buildConfigurationList = 178D689224C33A5B005ADF82 /* Build configuration list for PBXNativeTarget "MoviesAppUITests" */;
			buildPhases = (
				178D687F24C33A5B005ADF82 /* Sources */,
				178D688024C33A5B005ADF82 /* Frameworks */,
				178D688124C33A5B005ADF82 /* Resources */,
			);
			buildRules = (
			);
			dependencies = (
				178D688524C33A5B005ADF82 /* PBXTargetDependency */,
			);
			name = MoviesAppUITests;
			productName = MoviesAppUITests;
			productReference = 178D688324C33A5B005ADF82 /* MoviesAppUITests.xctest */;
			productType = "com.apple.product-type.bundle.ui-testing";
		};
/* End PBXNativeTarget section */

/* Begin PBXProject section */
		178D685A24C33A57005ADF82 /* Project object */ = {
			isa = PBXProject;
			attributes = {
				LastSwiftUpdateCheck = 1150;
				LastUpgradeCheck = 1150;
				ORGANIZATIONNAME = "Furkan sakızcı";
				TargetAttributes = {
					178D686124C33A57005ADF82 = {
						CreatedOnToolsVersion = 11.5;
					};
					178D687724C33A5B005ADF82 = {
						CreatedOnToolsVersion = 11.5;
						TestTargetID = 178D686124C33A57005ADF82;
					};
					178D688224C33A5B005ADF82 = {
						CreatedOnToolsVersion = 11.5;
						TestTargetID = 178D686124C33A57005ADF82;
					};
				};
			};
			buildConfigurationList = 178D685D24C33A57005ADF82 /* Build configuration list for PBXProject "MoviesApp" */;
			compatibilityVersion = "Xcode 9.3";
			developmentRegion = en;
			hasScannedForEncodings = 0;
			knownRegions = (
				en,
				Base,
			);
			mainGroup = 178D685924C33A57005ADF82;
			productRefGroup = 178D686324C33A57005ADF82 /* Products */;
			projectDirPath = "";
			projectRoot = "";
			targets = (
				178D686124C33A57005ADF82 /* MoviesApp */,
				178D687724C33A5B005ADF82 /* MoviesAppTests */,
				178D688224C33A5B005ADF82 /* MoviesAppUITests */,
			);
		};
/* End PBXProject section */

/* Begin PBXResourcesBuildPhase section */
		178D686024C33A57005ADF82 /* Resources */ = {
			isa = PBXResourcesBuildPhase;
			buildActionMask = 2147483647;
			files = (
				178D687224C33A5B005ADF82 /* LaunchScreen.storyboard in Resources */,
				178D686F24C33A5B005ADF82 /* Assets.xcassets in Resources */,
				178D686D24C33A57005ADF82 /* Main.storyboard in Resources */,
			);
			runOnlyForDeploymentPostprocessing = 0;
		};
		178D687624C33A5B005ADF82 /* Resources */ = {
			isa = PBXResourcesBuildPhase;
			buildActionMask = 2147483647;
			files = (
			);
			runOnlyForDeploymentPostprocessing = 0;
		};
		178D688124C33A5B005ADF82 /* Resources */ = {
			isa = PBXResourcesBuildPhase;
			buildActionMask = 2147483647;
			files = (
			);
			runOnlyForDeploymentPostprocessing = 0;
		};
/* End PBXResourcesBuildPhase section */

/* Begin PBXSourcesBuildPhase section */
		178D685E24C33A57005ADF82 /* Sources */ = {
			isa = PBXSourcesBuildPhase;
			buildActionMask = 2147483647;
			files = (
				178D689D24C3491C005ADF82 /* Movies.swift in Sources */,
				178D68A524C3590E005ADF82 /* MovieResult.swift in Sources */,
				178D689F24C34935005ADF82 /* Categories.swift in Sources */,
				178D68A124C34947005ADF82 /* Directors.swift in Sources */,
				178D689824C3456E005ADF82 /* CategoryTableViewCell.swift in Sources */,
				178D686A24C33A57005ADF82 /* CategoryViewController.swift in Sources */,
				178D686624C33A57005ADF82 /* AppDelegate.swift in Sources */,
				178D68A324C3583C005ADF82 /* CategoryResult.swift in Sources */,
				178D689A24C3458E005ADF82 /* MovieCollectionViewCell.swift in Sources */,
				178D686824C33A57005ADF82 /* SceneDelegate.swift in Sources */,
				178D689624C3452D005ADF82 /* MovieViewController.swift in Sources */,
			);
			runOnlyForDeploymentPostprocessing = 0;
		};
		178D687424C33A5B005ADF82 /* Sources */ = {
			isa = PBXSourcesBuildPhase;
			buildActionMask = 2147483647;
			files = (
				178D687D24C33A5B005ADF82 /* MoviesAppTests.swift in Sources */,
			);
			runOnlyForDeploymentPostprocessing = 0;
		};
		178D687F24C33A5B005ADF82 /* Sources */ = {
			isa = PBXSourcesBuildPhase;
			buildActionMask = 2147483647;
			files = (
				178D688824C33A5B005ADF82 /* MoviesAppUITests.swift in Sources */,
			);
			runOnlyForDeploymentPostprocessing = 0;
		};
/* End PBXSourcesBuildPhase section */

/* Begin PBXTargetDependency section */
		178D687A24C33A5B005ADF82 /* PBXTargetDependency */ = {
			isa = PBXTargetDependency;
			target = 178D686124C33A57005ADF82 /* MoviesApp */;
			targetProxy = 178D687924C33A5B005ADF82 /* PBXContainerItemProxy */;
		};
		178D688524C33A5B005ADF82 /* PBXTargetDependency */ = {
			isa = PBXTargetDependency;
			target = 178D686124C33A57005ADF82 /* MoviesApp */;
			targetProxy = 178D688424C33A5B005ADF82 /* PBXContainerItemProxy */;
		};
/* End PBXTargetDependency section */

/* Begin PBXVariantGroup section */
		178D686B24C33A57005ADF82 /* Main.storyboard */ = {
			isa = PBXVariantGroup;
			children = (
				178D686C24C33A57005ADF82 /* Base */,
			);
			name = Main.storyboard;
			sourceTree = "<group>";
		};
		178D687024C33A5B005ADF82 /* LaunchScreen.storyboard */ = {
			isa = PBXVariantGroup;
			children = (
				178D687124C33A5B005ADF82 /* Base */,
			);
			name = LaunchScreen.storyboard;
			sourceTree = "<group>";
		};
/* End PBXVariantGroup section */

/* Begin XCBuildConfiguration section */
		178D688A24C33A5B005ADF82 /* Debug */ = {
			isa = XCBuildConfiguration;
			buildSettings = {
				ALWAYS_SEARCH_USER_PATHS = NO;
				CLANG_ANALYZER_NONNULL = YES;
				CLANG_ANALYZER_NUMBER_OBJECT_CONVERSION = YES_AGGRESSIVE;
				CLANG_CXX_LANGUAGE_STANDARD = "gnu++14";
				CLANG_CXX_LIBRARY = "libc++";
				CLANG_ENABLE_MODULES = YES;
				CLANG_ENABLE_OBJC_ARC = YES;
				CLANG_ENABLE_OBJC_WEAK = YES;
				CLANG_WARN_BLOCK_CAPTURE_AUTORELEASING = YES;
				CLANG_WARN_BOOL_CONVERSION = YES;
				CLANG_WARN_COMMA = YES;
				CLANG_WARN_CONSTANT_CONVERSION = YES;
				CLANG_WARN_DEPRECATED_OBJC_IMPLEMENTATIONS = YES;
				CLANG_WARN_DIRECT_OBJC_ISA_USAGE = YES_ERROR;
				CLANG_WARN_DOCUMENTATION_COMMENTS = YES;
				CLANG_WARN_EMPTY_BODY = YES;
				CLANG_WARN_ENUM_CONVERSION = YES;
				CLANG_WARN_INFINITE_RECURSION = YES;
				CLANG_WARN_INT_CONVERSION = YES;
				CLANG_WARN_NON_LITERAL_NULL_CONVERSION = YES;
				CLANG_WARN_OBJC_IMPLICIT_RETAIN_SELF = YES;
				CLANG_WARN_OBJC_LITERAL_CONVERSION = YES;
				CLANG_WARN_OBJC_ROOT_CLASS = YES_ERROR;
				CLANG_WARN_RANGE_LOOP_ANALYSIS = YES;
				CLANG_WARN_STRICT_PROTOTYPES = YES;
				CLANG_WARN_SUSPICIOUS_MOVE = YES;
				CLANG_WARN_UNGUARDED_AVAILABILITY = YES_AGGRESSIVE;
				CLANG_WARN_UNREACHABLE_CODE = YES;
				CLANG_WARN__DUPLICATE_METHOD_MATCH = YES;
				COPY_PHASE_STRIP = NO;
				DEBUG_INFORMATION_FORMAT = dwarf;
				ENABLE_STRICT_OBJC_MSGSEND = YES;
				ENABLE_TESTABILITY = YES;
				GCC_C_LANGUAGE_STANDARD = gnu11;
				GCC_DYNAMIC_NO_PIC = NO;
				GCC_NO_COMMON_BLOCKS = YES;
				GCC_OPTIMIZATION_LEVEL = 0;
				GCC_PREPROCESSOR_DEFINITIONS = (
					"DEBUG=1",
					"$(inherited)",
				);
				GCC_WARN_64_TO_32_BIT_CONVERSION = YES;
				GCC_WARN_ABOUT_RETURN_TYPE = YES_ERROR;
				GCC_WARN_UNDECLARED_SELECTOR = YES;
				GCC_WARN_UNINITIALIZED_AUTOS = YES_AGGRESSIVE;
				GCC_WARN_UNUSED_FUNCTION = YES;
				GCC_WARN_UNUSED_VARIABLE = YES;
				IPHONEOS_DEPLOYMENT_TARGET = 13.5;
				MTL_ENABLE_DEBUG_INFO = INCLUDE_SOURCE;
				MTL_FAST_MATH = YES;
				ONLY_ACTIVE_ARCH = YES;
				SDKROOT = iphoneos;
				SWIFT_ACTIVE_COMPILATION_CONDITIONS = DEBUG;
				SWIFT_OPTIMIZATION_LEVEL = "-Onone";
			};
			name = Debug;
		};
		178D688B24C33A5B005ADF82 /* Release */ = {
			isa = XCBuildConfiguration;
			buildSettings = {
				ALWAYS_SEARCH_USER_PATHS = NO;
				CLANG_ANALYZER_NONNULL = YES;
				CLANG_ANALYZER_NUMBER_OBJECT_CONVERSION = YES_AGGRESSIVE;
				CLANG_CXX_LANGUAGE_STANDARD = "gnu++14";
				CLANG_CXX_LIBRARY = "libc++";
				CLANG_ENABLE_MODULES = YES;
				CLANG_ENABLE_OBJC_ARC = YES;
				CLANG_ENABLE_OBJC_WEAK = YES;
				CLANG_WARN_BLOCK_CAPTURE_AUTORELEASING = YES;
				CLANG_WARN_BOOL_CONVERSION = YES;
				CLANG_WARN_COMMA = YES;
				CLANG_WARN_CONSTANT_CONVERSION = YES;
				CLANG_WARN_DEPRECATED_OBJC_IMPLEMENTATIONS = YES;
				CLANG_WARN_DIRECT_OBJC_ISA_USAGE = YES_ERROR;
				CLANG_WARN_DOCUMENTATION_COMMENTS = YES;
				CLANG_WARN_EMPTY_BODY = YES;
				CLANG_WARN_ENUM_CONVERSION = YES;
				CLANG_WARN_INFINITE_RECURSION = YES;
				CLANG_WARN_INT_CONVERSION = YES;
				CLANG_WARN_NON_LITERAL_NULL_CONVERSION = YES;
				CLANG_WARN_OBJC_IMPLICIT_RETAIN_SELF = YES;
				CLANG_WARN_OBJC_LITERAL_CONVERSION = YES;
				CLANG_WARN_OBJC_ROOT_CLASS = YES_ERROR;
				CLANG_WARN_RANGE_LOOP_ANALYSIS = YES;
				CLANG_WARN_STRICT_PROTOTYPES = YES;
				CLANG_WARN_SUSPICIOUS_MOVE = YES;
				CLANG_WARN_UNGUARDED_AVAILABILITY = YES_AGGRESSIVE;
				CLANG_WARN_UNREACHABLE_CODE = YES;
				CLANG_WARN__DUPLICATE_METHOD_MATCH = YES;
				COPY_PHASE_STRIP = NO;
				DEBUG_INFORMATION_FORMAT = "dwarf-with-dsym";
				ENABLE_NS_ASSERTIONS = NO;
				ENABLE_STRICT_OBJC_MSGSEND = YES;
				GCC_C_LANGUAGE_STANDARD = gnu11;
				GCC_NO_COMMON_BLOCKS = YES;
				GCC_WARN_64_TO_32_BIT_CONVERSION = YES;
				GCC_WARN_ABOUT_RETURN_TYPE = YES_ERROR;
				GCC_WARN_UNDECLARED_SELECTOR = YES;
				GCC_WARN_UNINITIALIZED_AUTOS = YES_AGGRESSIVE;
				GCC_WARN_UNUSED_FUNCTION = YES;
				GCC_WARN_UNUSED_VARIABLE = YES;
				IPHONEOS_DEPLOYMENT_TARGET = 13.5;
				MTL_ENABLE_DEBUG_INFO = NO;
				MTL_FAST_MATH = YES;
				SDKROOT = iphoneos;
				SWIFT_COMPILATION_MODE = wholemodule;
				SWIFT_OPTIMIZATION_LEVEL = "-O";
				VALIDATE_PRODUCT = YES;
			};
			name = Release;
		};
		178D688D24C33A5B005ADF82 /* Debug */ = {
			isa = XCBuildConfiguration;
			buildSettings = {
				ASSETCATALOG_COMPILER_APPICON_NAME = AppIcon;
				CODE_SIGN_STYLE = Automatic;
				DEVELOPMENT_TEAM = ELCGKP5MCS;
				INFOPLIST_FILE = MoviesApp/Info.plist;
				LD_RUNPATH_SEARCH_PATHS = (
					"$(inherited)",
					"@executable_path/Frameworks",
				);
				PRODUCT_BUNDLE_IDENTIFIER = com.fursakizci.MoviesApp;
				PRODUCT_NAME = "$(TARGET_NAME)";
				SWIFT_VERSION = 5.0;
				TARGETED_DEVICE_FAMILY = "1,2";
			};
			name = Debug;
		};
		178D688E24C33A5B005ADF82 /* Release */ = {
			isa = XCBuildConfiguration;
			buildSettings = {
				ASSETCATALOG_COMPILER_APPICON_NAME = AppIcon;
				CODE_SIGN_STYLE = Automatic;
				DEVELOPMENT_TEAM = ELCGKP5MCS;
				INFOPLIST_FILE = MoviesApp/Info.plist;
				LD_RUNPATH_SEARCH_PATHS = (
					"$(inherited)",
					"@executable_path/Frameworks",
				);
				PRODUCT_BUNDLE_IDENTIFIER = com.fursakizci.MoviesApp;
				PRODUCT_NAME = "$(TARGET_NAME)";
				SWIFT_VERSION = 5.0;
				TARGETED_DEVICE_FAMILY = "1,2";
			};
			name = Release;
		};
		178D689024C33A5B005ADF82 /* Debug */ = {
			isa = XCBuildConfiguration;
			buildSettings = {
				ALWAYS_EMBED_SWIFT_STANDARD_LIBRARIES = YES;
				BUNDLE_LOADER = "$(TEST_HOST)";
				CODE_SIGN_STYLE = Automatic;
				DEVELOPMENT_TEAM = ELCGKP5MCS;
				INFOPLIST_FILE = MoviesAppTests/Info.plist;
				IPHONEOS_DEPLOYMENT_TARGET = 13.5;
				LD_RUNPATH_SEARCH_PATHS = (
					"$(inherited)",
					"@executable_path/Frameworks",
					"@loader_path/Frameworks",
				);
				PRODUCT_BUNDLE_IDENTIFIER = com.fursakizci.MoviesAppTests;
				PRODUCT_NAME = "$(TARGET_NAME)";
				SWIFT_VERSION = 5.0;
				TARGETED_DEVICE_FAMILY = "1,2";
				TEST_HOST = "$(BUILT_PRODUCTS_DIR)/MoviesApp.app/MoviesApp";
			};
			name = Debug;
		};
		178D689124C33A5B005ADF82 /* Release */ = {
			isa = XCBuildConfiguration;
			buildSettings = {
				ALWAYS_EMBED_SWIFT_STANDARD_LIBRARIES = YES;
				BUNDLE_LOADER = "$(TEST_HOST)";
				CODE_SIGN_STYLE = Automatic;
				DEVELOPMENT_TEAM = ELCGKP5MCS;
				INFOPLIST_FILE = MoviesAppTests/Info.plist;
				IPHONEOS_DEPLOYMENT_TARGET = 13.5;
				LD_RUNPATH_SEARCH_PATHS = (
					"$(inherited)",
					"@executable_path/Frameworks",
					"@loader_path/Frameworks",
				);
				PRODUCT_BUNDLE_IDENTIFIER = com.fursakizci.MoviesAppTests;
				PRODUCT_NAME = "$(TARGET_NAME)";
				SWIFT_VERSION = 5.0;
				TARGETED_DEVICE_FAMILY = "1,2";
				TEST_HOST = "$(BUILT_PRODUCTS_DIR)/MoviesApp.app/MoviesApp";
			};
			name = Release;
		};
		178D689324C33A5B005ADF82 /* Debug */ = {
			isa = XCBuildConfiguration;
			buildSettings = {
				ALWAYS_EMBED_SWIFT_STANDARD_LIBRARIES = YES;
				CODE_SIGN_STYLE = Automatic;
				DEVELOPMENT_TEAM = ELCGKP5MCS;
				INFOPLIST_FILE = MoviesAppUITests/Info.plist;
				LD_RUNPATH_SEARCH_PATHS = (
					"$(inherited)",
					"@executable_path/Frameworks",
					"@loader_path/Frameworks",
				);
				PRODUCT_BUNDLE_IDENTIFIER = com.fursakizci.MoviesAppUITests;
				PRODUCT_NAME = "$(TARGET_NAME)";
				SWIFT_VERSION = 5.0;
				TARGETED_DEVICE_FAMILY = "1,2";
				TEST_TARGET_NAME = MoviesApp;
			};
			name = Debug;
		};
		178D689424C33A5B005ADF82 /* Release */ = {
			isa = XCBuildConfiguration;
			buildSettings = {
				ALWAYS_EMBED_SWIFT_STANDARD_LIBRARIES = YES;
				CODE_SIGN_STYLE = Automatic;
				DEVELOPMENT_TEAM = ELCGKP5MCS;
				INFOPLIST_FILE = MoviesAppUITests/Info.plist;
				LD_RUNPATH_SEARCH_PATHS = (
					"$(inherited)",
					"@executable_path/Frameworks",
					"@loader_path/Frameworks",
				);
				PRODUCT_BUNDLE_IDENTIFIER = com.fursakizci.MoviesAppUITests;
				PRODUCT_NAME = "$(TARGET_NAME)";
				SWIFT_VERSION = 5.0;
				TARGETED_DEVICE_FAMILY = "1,2";
				TEST_TARGET_NAME = MoviesApp;
			};
			name = Release;
		};
/* End XCBuildConfiguration section */

/* Begin XCConfigurationList section */
		178D685D24C33A57005ADF82 /* Build configuration list for PBXProject "MoviesApp" */ = {
			isa = XCConfigurationList;
			buildConfigurations = (
				178D688A24C33A5B005ADF82 /* Debug */,
				178D688B24C33A5B005ADF82 /* Release */,
			);
			defaultConfigurationIsVisible = 0;
			defaultConfigurationName = Release;
		};
		178D688C24C33A5B005ADF82 /* Build configuration list for PBXNativeTarget "MoviesApp" */ = {
			isa = XCConfigurationList;
			buildConfigurations = (
				178D688D24C33A5B005ADF82 /* Debug */,
				178D688E24C33A5B005ADF82 /* Release */,
			);
			defaultConfigurationIsVisible = 0;
			defaultConfigurationName = Release;
		};
		178D688F24C33A5B005ADF82 /* Build configuration list for PBXNativeTarget "MoviesAppTests" */ = {
			isa = XCConfigurationList;
			buildConfigurations = (
				178D689024C33A5B005ADF82 /* Debug */,
				178D689124C33A5B005ADF82 /* Release */,
			);
			defaultConfigurationIsVisible = 0;
			defaultConfigurationName = Release;
		};
		178D689224C33A5B005ADF82 /* Build configuration list for PBXNativeTarget "MoviesAppUITests" */ = {
			isa = XCConfigurationList;
			buildConfigurations = (
				178D689324C33A5B005ADF82 /* Debug */,
				178D689424C33A5B005ADF82 /* Release */,
			);
			defaultConfigurationIsVisible = 0;
			defaultConfigurationName = Release;
		};
/* End XCConfigurationList section */
	};
	rootObject = 178D685A24C33A57005ADF82 /* Project object */;
}
